# @generated - this file is auto-generated by `mise lock` https://mise.jdx.dev/dev-tools/mise-lock.html

[[tools."npm:@sentry/dotagents"]]
version = "3.3.0"
aube = { path = ".mise/locks/npm-sentry-dotagents/3.3.0", digest = "sha256:018f05fef8ff31daf7d2eb53fc74b7720cd0ae84feda2125eb7dc3e4a8f1e009" }
backend = "npm:@sentry/dotagents"

[[tools."npm:markdownlint-cli2"]]
version = "0.23.3"
backend = "npm:markdownlint-cli2"
